// !$*UTF8*$!
{
	archiveVersion = 1;
	classes = {
	};
	objectVersion = 46;
	objects = {

/* Begin PBXBuildFile section */
		C85E148D1F28FD7E00D88D55 /* NSCoding+Accounts.swift in Sources */ = {isa = PBXBuildFile; fileRef = C85E148C1F28FD7E00D88D55 /* NSCoding+Accounts.swift */; };
		C85E148E1F28FECB00D88D55 /* NSCoding+Accounts.swift in Sources */ = {isa = PBXBuildFile; fileRef = C85E148C1F28FD7E00D88D55 /* NSCoding+Accounts.swift */; };
		C85E14921F290EF500D88D55 /* INGAccountsTableViewCell.swift in Sources */ = {isa = PBXBuildFile; fileRef = C85E14901F290EF500D88D55 /* INGAccountsTableViewCell.swift */; };
		C85E14991F293A5500D88D55 /* Localizable.strings in Resources */ = {isa = PBXBuildFile; fileRef = C85E149B1F293A5500D88D55 /* Localizable.strings */; };
		C85E149D1F293CD700D88D55 /* Localizable.strings in Resources */ = {isa = PBXBuildFile; fileRef = C85E149B1F293A5500D88D55 /* Localizable.strings */; };
		C88EF4A01F24DFBD001C0131 /* AppDelegate.swift in Sources */ = {isa = PBXBuildFile; fileRef = C88EF49F1F24DFBD001C0131 /* AppDelegate.swift */; };
		C88EF4A71F24DFBD001C0131 /* Assets.xcassets in Resources */ = {isa = PBXBuildFile; fileRef = C88EF4A61F24DFBD001C0131 /* Assets.xcassets */; };
		C88EF4AA1F24DFBD001C0131 /* LaunchScreen.storyboard in Resources */ = {isa = PBXBuildFile; fileRef = C88EF4A81F24DFBD001C0131 /* LaunchScreen.storyboard */; };
		C88EF4B51F24DFBD001C0131 /* Accounts_TestTests.swift in Sources */ = {isa = PBXBuildFile; fileRef = C88EF4B41F24DFBD001C0131 /* Accounts_TestTests.swift */; };
		C88EF4DB1F24E092001C0131 /* DVAArrayDataSourceForTableView.m in Sources */ = {isa = PBXBuildFile; fileRef = C88EF4C11F24E092001C0131 /* DVAArrayDataSourceForTableView.m */; };
		C88EF4DC1F24E092001C0131 /* DVAProtocolDataSourceForTableView.m in Sources */ = {isa = PBXBuildFile; fileRef = C88EF4C31F24E092001C0131 /* DVAProtocolDataSourceForTableView.m */; };
		C88EF4DD1F24E092001C0131 /* NSArray+DVAPlistModelDatasource.m in Sources */ = {isa = PBXBuildFile; fileRef = C88EF4C71F24E092001C0131 /* NSArray+DVAPlistModelDatasource.m */; };
		C88EF4DE1F24E092001C0131 /* NSArray+DVATableViewModelDatasource.m in Sources */ = {isa = PBXBuildFile; fileRef = C88EF4C91F24E092001C0131 /* NSArray+DVATableViewModelDatasource.m */; };
		C88EF4DF1F24E092001C0131 /* NSDictionary+DVAPlistModelDatasource.m in Sources */ = {isa = PBXBuildFile; fileRef = C88EF4CB1F24E092001C0131 /* NSDictionary+DVAPlistModelDatasource.m */; };
		C88EF4E01F24E092001C0131 /* NSDictionary+DVATableViewModelDatasource.m in Sources */ = {isa = PBXBuildFile; fileRef = C88EF4CD1F24E092001C0131 /* NSDictionary+DVATableViewModelDatasource.m */; };
		C88EF4E11F24E092001C0131 /* NSDictionary+DVATableViewModelProtocol.m in Sources */ = {isa = PBXBuildFile; fileRef = C88EF4CF1F24E092001C0131 /* NSDictionary+DVATableViewModelProtocol.m */; };
		C88EF4E21F24E092001C0131 /* DVATableViewCellModel.m in Sources */ = {isa = PBXBuildFile; fileRef = C88EF4D61F24E092001C0131 /* DVATableViewCellModel.m */; };
		C88EF4E31F24E092001C0131 /* DVATableViewModel.m in Sources */ = {isa = PBXBuildFile; fileRef = C88EF4D81F24E092001C0131 /* DVATableViewModel.m */; };
		C88EF4E41F24E092001C0131 /* DVATableViewSectionModel.m in Sources */ = {isa = PBXBuildFile; fileRef = C88EF4DA1F24E092001C0131 /* DVATableViewSectionModel.m */; };
		C88EF4E91F24E226001C0131 /* Accounts.storyboard in Resources */ = {isa = PBXBuildFile; fileRef = C88EF4E81F24E226001C0131 /* Accounts.storyboard */; };
		C88EF4F21F24E2B9001C0131 /* INGBaseView.swift in Sources */ = {isa = PBXBuildFile; fileRef = C88EF4EF1F24E2B9001C0131 /* INGBaseView.swift */; };
		C88EF4F31F24E2B9001C0131 /* INGBaseViewController.swift in Sources */ = {isa = PBXBuildFile; fileRef = C88EF4F11F24E2B9001C0131 /* INGBaseViewController.swift */; };
		C88EF4F51F24E355001C0131 /* INGAccountsViewController.swift in Sources */ = {isa = PBXBuildFile; fileRef = C88EF4F41F24E355001C0131 /* INGAccountsViewController.swift */; };
		C88EF4F71F24E36B001C0131 /* INGAccountsView.swift in Sources */ = {isa = PBXBuildFile; fileRef = C88EF4F61F24E36B001C0131 /* INGAccountsView.swift */; };
		C88EF4FA1F24E54F001C0131 /* INGAccountsViewObject.swift in Sources */ = {isa = PBXBuildFile; fileRef = C88EF4F91F24E54F001C0131 /* INGAccountsViewObject.swift */; };
		C88EF4FD1F24E65F001C0131 /* INGAccount.swift in Sources */ = {isa = PBXBuildFile; fileRef = C88EF4FC1F24E65F001C0131 /* INGAccount.swift */; };
		C88EF5031F24EB64001C0131 /* INGRequestManager.m in Sources */ = {isa = PBXBuildFile; fileRef = C88EF5021F24EB64001C0131 /* INGRequestManager.m */; };
		C88EF5051F24EFEB001C0131 /* accounts.json in Resources */ = {isa = PBXBuildFile; fileRef = C88EF5041F24EFEB001C0131 /* accounts.json */; };
		C88EF5081F24F294001C0131 /* INGBaseProvider.m in Sources */ = {isa = PBXBuildFile; fileRef = C88EF5071F24F294001C0131 /* INGBaseProvider.m */; };
		C88EF50C1F24F3B4001C0131 /* INGAccountsProvider.m in Sources */ = {isa = PBXBuildFile; fileRef = C88EF50B1F24F3B4001C0131 /* INGAccountsProvider.m */; };
		C88EF5111F250065001C0131 /* INGAccountTableViewCell.swift in Sources */ = {isa = PBXBuildFile; fileRef = C88EF50F1F250065001C0131 /* INGAccountTableViewCell.swift */; };
		C88EF5121F250065001C0131 /* INGAccountTableViewCell.xib in Resources */ = {isa = PBXBuildFile; fileRef = C88EF5101F250065001C0131 /* INGAccountTableViewCell.xib */; };
		C88EF51A1F2528D7001C0131 /* NotificationCenter.framework in Frameworks */ = {isa = PBXBuildFile; fileRef = C88EF5191F2528D7001C0131 /* NotificationCenter.framework */; };
		C88EF51D1F2528D7001C0131 /* TodayViewController.swift in Sources */ = {isa = PBXBuildFile; fileRef = C88EF51C1F2528D7001C0131 /* TodayViewController.swift */; };
		C88EF5201F2528D7001C0131 /* MainInterface.storyboard in Resources */ = {isa = PBXBuildFile; fileRef = C88EF51E1F2528D7001C0131 /* MainInterface.storyboard */; };
		C88EF5241F2528D7001C0131 /* AccountQuote.appex in Embed App Extensions */ = {isa = PBXBuildFile; fileRef = C88EF5171F2528D7001C0131 /* AccountQuote.appex */; settings = {ATTRIBUTES = (RemoveHeadersOnCopy, ); }; };
		C88EF5341F252E29001C0131 /* INGAccount.swift in Sources */ = {isa = PBXBuildFile; fileRef = C88EF4FC1F24E65F001C0131 /* INGAccount.swift */; };
		C88EF5361F252E3A001C0131 /* INGAccountTableViewCell.swift in Sources */ = {isa = PBXBuildFile; fileRef = C88EF50F1F250065001C0131 /* INGAccountTableViewCell.swift */; };
		C88EF5371F252E42001C0131 /* INGAccountTableViewCell.xib in Resources */ = {isa = PBXBuildFile; fileRef = C88EF5101F250065001C0131 /* INGAccountTableViewCell.xib */; };
		C88EF5381F252F71001C0131 /* INGAccountsViewObject.swift in Sources */ = {isa = PBXBuildFile; fileRef = C88EF4F91F24E54F001C0131 /* INGAccountsViewObject.swift */; };
		C88EF53A1F253191001C0131 /* DVAProtocolDataSourceForTableView.m in Sources */ = {isa = PBXBuildFile; fileRef = C88EF4C31F24E092001C0131 /* DVAProtocolDataSourceForTableView.m */; };
		C88EF53B1F253195001C0131 /* DVAArrayDataSourceForTableView.m in Sources */ = {isa = PBXBuildFile; fileRef = C88EF4C11F24E092001C0131 /* DVAArrayDataSourceForTableView.m */; };
		C88EF55A1F253668001C0131 /* INGAccountsProvider.m in Sources */ = {isa = PBXBuildFile; fileRef = C88EF50B1F24F3B4001C0131 /* INGAccountsProvider.m */; };
		C88EF55B1F253890001C0131 /* INGBaseProvider.m in Sources */ = {isa = PBXBuildFile; fileRef = C88EF5071F24F294001C0131 /* INGBaseProvider.m */; };
		C88EF55C1F25389B001C0131 /* INGRequestManager.m in Sources */ = {isa = PBXBuildFile; fileRef = C88EF5021F24EB64001C0131 /* INGRequestManager.m */; };
/* End PBXBuildFile section */

/* Begin PBXContainerItemProxy section */
		C88EF4B11F24DFBD001C0131 /* PBXContainerItemProxy */ = {
			isa = PBXContainerItemProxy;
			containerPortal = C88EF4941F24DFBD001C0131 /* Project object */;
			proxyType = 1;
			remoteGlobalIDString = C88EF49B1F24DFBD001C0131;
			remoteInfo = "Accounts Test";
		};
		C88EF5221F2528D7001C0131 /* PBXContainerItemProxy */ = {
			isa = PBXContainerItemProxy;
			containerPortal = C88EF4941F24DFBD001C0131 /* Project object */;
			proxyType = 1;
			remoteGlobalIDString = C88EF5161F2528D7001C0131;
			remoteInfo = AccountQuote;
		};
/* End PBXContainerItemProxy section */

/* Begin PBXCopyFilesBuildPhase section */
		C88EF5281F2528D7001C0131 /* Embed App Extensions */ = {
			isa = PBXCopyFilesBuildPhase;
			buildActionMask = 2147483647;
			dstPath = "";
			dstSubfolderSpec = 13;
			files = (
				C88EF5241F2528D7001C0131 /* AccountQuote.appex in Embed App Extensions */,
			);
			name = "Embed App Extensions";
			runOnlyForDeploymentPostprocessing = 0;
		};
/* End PBXCopyFilesBuildPhase section */

/* Begin PBXFileReference section */
		C85E148C1F28FD7E00D88D55 /* NSCoding+Accounts.swift */ = {isa = PBXFileReference; fileEncoding = 4; lastKnownFileType = sourcecode.swift; path = "NSCoding+Accounts.swift"; sourceTree = "<group>"; };
		C85E14901F290EF500D88D55 /* INGAccountsTableViewCell.swift */ = {isa = PBXFileReference; fileEncoding = 4; lastKnownFileType = sourcecode.swift; path = INGAccountsTableViewCell.swift; sourceTree = "<group>"; };
		C85E14971F293A3E00D88D55 /* es */ = {isa = PBXFileReference; lastKnownFileType = text.plist.strings; name = es; path = es.lproj/LaunchScreen.strings; sourceTree = "<group>"; };
		C85E14981F293A3E00D88D55 /* es */ = {isa = PBXFileReference; lastKnownFileType = text.plist.strings; name = es; path = es.lproj/MainInterface.strings; sourceTree = "<group>"; };
		C85E149A1F293A5500D88D55 /* en */ = {isa = PBXFileReference; lastKnownFileType = text.plist.strings; name = en; path = en.lproj/Localizable.strings; sourceTree = "<group>"; };
		C85E149C1F293A5A00D88D55 /* es */ = {isa = PBXFileReference; lastKnownFileType = text.plist.strings; name = es; path = es.lproj/Localizable.strings; sourceTree = "<group>"; };
		C88EF49C1F24DFBD001C0131 /* Accounts Test.app */ = {isa = PBXFileReference; explicitFileType = wrapper.application; includeInIndex = 0; path = "Accounts Test.app"; sourceTree = BUILT_PRODUCTS_DIR; };
		C88EF49F1F24DFBD001C0131 /* AppDelegate.swift */ = {isa = PBXFileReference; lastKnownFileType = sourcecode.swift; path = AppDelegate.swift; sourceTree = "<group>"; };
		C88EF4A61F24DFBD001C0131 /* Assets.xcassets */ = {isa = PBXFileReference; lastKnownFileType = folder.assetcatalog; path = Assets.xcassets; sourceTree = "<group>"; };
		C88EF4A91F24DFBD001C0131 /* Base */ = {isa = PBXFileReference; lastKnownFileType = file.storyboard; name = Base; path = Base.lproj/LaunchScreen.storyboard; sourceTree = "<group>"; };
		C88EF4AB1F24DFBD001C0131 /* Info.plist */ = {isa = PBXFileReference; lastKnownFileType = text.plist.xml; path = Info.plist; sourceTree = "<group>"; };
		C88EF4B01F24DFBD001C0131 /* Accounts TestTests.xctest */ = {isa = PBXFileReference; explicitFileType = wrapper.cfbundle; includeInIndex = 0; path = "Accounts TestTests.xctest"; sourceTree = BUILT_PRODUCTS_DIR; };
		C88EF4B41F24DFBD001C0131 /* Accounts_TestTests.swift */ = {isa = PBXFileReference; lastKnownFileType = sourcecode.swift; path = Accounts_TestTests.swift; sourceTree = "<group>"; };
		C88EF4B61F24DFBD001C0131 /* Info.plist */ = {isa = PBXFileReference; lastKnownFileType = text.plist.xml; path = Info.plist; sourceTree = "<group>"; };
		C88EF4C01F24E092001C0131 /* DVAArrayDataSourceForTableView.h */ = {isa = PBXFileReference; fileEncoding = 4; lastKnownFileType = sourcecode.c.h; path = DVAArrayDataSourceForTableView.h; sourceTree = "<group>"; };
		C88EF4C11F24E092001C0131 /* DVAArrayDataSourceForTableView.m */ = {isa = PBXFileReference; fileEncoding = 4; lastKnownFileType = sourcecode.c.objc; path = DVAArrayDataSourceForTableView.m; sourceTree = "<group>"; };
		C88EF4C21F24E092001C0131 /* DVAProtocolDataSourceForTableView.h */ = {isa = PBXFileReference; fileEncoding = 4; lastKnownFileType = sourcecode.c.h; path = DVAProtocolDataSourceForTableView.h; sourceTree = "<group>"; };
		C88EF4C31F24E092001C0131 /* DVAProtocolDataSourceForTableView.m */ = {isa = PBXFileReference; fileEncoding = 4; lastKnownFileType = sourcecode.c.objc; path = DVAProtocolDataSourceForTableView.m; sourceTree = "<group>"; };
		C88EF4C61F24E092001C0131 /* NSArray+DVAPlistModelDatasource.h */ = {isa = PBXFileReference; fileEncoding = 4; lastKnownFileType = sourcecode.c.h; path = "NSArray+DVAPlistModelDatasource.h"; sourceTree = "<group>"; };
		C88EF4C71F24E092001C0131 /* NSArray+DVAPlistModelDatasource.m */ = {isa = PBXFileReference; fileEncoding = 4; lastKnownFileType = sourcecode.c.objc; path = "NSArray+DVAPlistModelDatasource.m"; sourceTree = "<group>"; };
		C88EF4C81F24E092001C0131 /* NSArray+DVATableViewModelDatasource.h */ = {isa = PBXFileReference; fileEncoding = 4; lastKnownFileType = sourcecode.c.h; path = "NSArray+DVATableViewModelDatasource.h"; sourceTree = "<group>"; };
		C88EF4C91F24E092001C0131 /* NSArray+DVATableViewModelDatasource.m */ = {isa = PBXFileReference; fileEncoding = 4; lastKnownFileType = sourcecode.c.objc; path = "NSArray+DVATableViewModelDatasource.m"; sourceTree = "<group>"; };
		C88EF4CA1F24E092001C0131 /* NSDictionary+DVAPlistModelDatasource.h */ = {isa = PBXFileReference; fileEncoding = 4; lastKnownFileType = sourcecode.c.h; path = "NSDictionary+DVAPlistModelDatasource.h"; sourceTree = "<group>"; };
		C88EF4CB1F24E092001C0131 /* NSDictionary+DVAPlistModelDatasource.m */ = {isa = PBXFileReference; fileEncoding = 4; lastKnownFileType = sourcecode.c.objc; path = "NSDictionary+DVAPlistModelDatasource.m"; sourceTree = "<group>"; };
		C88EF4CC1F24E092001C0131 /* NSDictionary+DVATableViewModelDatasource.h */ = {isa = PBXFileReference; fileEncoding = 4; lastKnownFileType = sourcecode.c.h; path = "NSDictionary+DVATableViewModelDatasource.h"; sourceTree = "<group>"; };
		C88EF4CD1F24E092001C0131 /* NSDictionary+DVATableViewModelDatasource.m */ = {isa = PBXFileReference; fileEncoding = 4; lastKnownFileType = sourcecode.c.objc; path = "NSDictionary+DVATableViewModelDatasource.m"; sourceTree = "<group>"; };
		C88EF4CE1F24E092001C0131 /* NSDictionary+DVATableViewModelProtocol.h */ = {isa = PBXFileReference; fileEncoding = 4; lastKnownFileType = sourcecode.c.h; path = "NSDictionary+DVATableViewModelProtocol.h"; sourceTree = "<group>"; };
		C88EF4CF1F24E092001C0131 /* NSDictionary+DVATableViewModelProtocol.m */ = {isa = PBXFileReference; fileEncoding = 4; lastKnownFileType = sourcecode.c.objc; path = "NSDictionary+DVATableViewModelProtocol.m"; sourceTree = "<group>"; };
		C88EF4D01F24E092001C0131 /* DVATableViewCellProtocol.h */ = {isa = PBXFileReference; fileEncoding = 4; lastKnownFileType = sourcecode.c.h; path = DVATableViewCellProtocol.h; sourceTree = "<group>"; };
		C88EF4D11F24E092001C0131 /* DVATableViewModelDatasource.h */ = {isa = PBXFileReference; fileEncoding = 4; lastKnownFileType = sourcecode.c.h; path = DVATableViewModelDatasource.h; sourceTree = "<group>"; };
		C88EF4D21F24E092001C0131 /* DVATableViewModelDatasourceDelegate.h */ = {isa = PBXFileReference; fileEncoding = 4; lastKnownFileType = sourcecode.c.h; path = DVATableViewModelDatasourceDelegate.h; sourceTree = "<group>"; };
		C88EF4D31F24E092001C0131 /* DVATableViewModelProtocol.h */ = {isa = PBXFileReference; fileEncoding = 4; lastKnownFileType = sourcecode.c.h; path = DVATableViewModelProtocol.h; sourceTree = "<group>"; };
		C88EF4D51F24E092001C0131 /* DVATableViewCellModel.h */ = {isa = PBXFileReference; fileEncoding = 4; lastKnownFileType = sourcecode.c.h; path = DVATableViewCellModel.h; sourceTree = "<group>"; };
		C88EF4D61F24E092001C0131 /* DVATableViewCellModel.m */ = {isa = PBXFileReference; fileEncoding = 4; lastKnownFileType = sourcecode.c.objc; path = DVATableViewCellModel.m; sourceTree = "<group>"; };
		C88EF4D71F24E092001C0131 /* DVATableViewModel.h */ = {isa = PBXFileReference; fileEncoding = 4; lastKnownFileType = sourcecode.c.h; path = DVATableViewModel.h; sourceTree = "<group>"; };
		C88EF4D81F24E092001C0131 /* DVATableViewModel.m */ = {isa = PBXFileReference; fileEncoding = 4; lastKnownFileType = sourcecode.c.objc; path = DVATableViewModel.m; sourceTree = "<group>"; };
		C88EF4D91F24E092001C0131 /* DVATableViewSectionModel.h */ = {isa = PBXFileReference; fileEncoding = 4; lastKnownFileType = sourcecode.c.h; path = DVATableViewSectionModel.h; sourceTree = "<group>"; };
		C88EF4DA1F24E092001C0131 /* DVATableViewSectionModel.m */ = {isa = PBXFileReference; fileEncoding = 4; lastKnownFileType = sourcecode.c.objc; path = DVATableViewSectionModel.m; sourceTree = "<group>"; };
		C88EF4E61F24E17C001C0131 /* Accounts Test-Bridging-Header.h */ = {isa = PBXFileReference; fileEncoding = 4; lastKnownFileType = sourcecode.c.h; path = "Accounts Test-Bridging-Header.h"; sourceTree = "<group>"; };
		C88EF4E81F24E226001C0131 /* Accounts.storyboard */ = {isa = PBXFileReference; fileEncoding = 4; lastKnownFileType = file.storyboard; path = Accounts.storyboard; sourceTree = "<group>"; };
		C88EF4EF1F24E2B9001C0131 /* INGBaseView.swift */ = {isa = PBXFileReference; fileEncoding = 4; lastKnownFileType = sourcecode.swift; path = INGBaseView.swift; sourceTree = "<group>"; };
		C88EF4F11F24E2B9001C0131 /* INGBaseViewController.swift */ = {isa = PBXFileReference; fileEncoding = 4; lastKnownFileType = sourcecode.swift; path = INGBaseViewController.swift; sourceTree = "<group>"; };
		C88EF4F41F24E355001C0131 /* INGAccountsViewController.swift */ = {isa = PBXFileReference; fileEncoding = 4; lastKnownFileType = sourcecode.swift; path = INGAccountsViewController.swift; sourceTree = "<group>"; };
		C88EF4F61F24E36B001C0131 /* INGAccountsView.swift */ = {isa = PBXFileReference; fileEncoding = 4; lastKnownFileType = sourcecode.swift; path = INGAccountsView.swift; sourceTree = "<group>"; };
		C88EF4F91F24E54F001C0131 /* INGAccountsViewObject.swift */ = {isa = PBXFileReference; fileEncoding = 4; lastKnownFileType = sourcecode.swift; path = INGAccountsViewObject.swift; sourceTree = "<group>"; };
		C88EF4FC1F24E65F001C0131 /* INGAccount.swift */ = {isa = PBXFileReference; fileEncoding = 4; lastKnownFileType = sourcecode.swift; path = INGAccount.swift; sourceTree = "<group>"; };
		C88EF5011F24EB64001C0131 /* INGRequestManager.h */ = {isa = PBXFileReference; fileEncoding = 4; lastKnownFileType = sourcecode.c.h; path = INGRequestManager.h; sourceTree = "<group>"; };
		C88EF5021F24EB64001C0131 /* INGRequestManager.m */ = {isa = PBXFileReference; fileEncoding = 4; lastKnownFileType = sourcecode.c.objc; path = INGRequestManager.m; sourceTree = "<group>"; };
		C88EF5041F24EFEB001C0131 /* accounts.json */ = {isa = PBXFileReference; fileEncoding = 4; lastKnownFileType = text.json; path = accounts.json; sourceTree = "<group>"; };
		C88EF5061F24F294001C0131 /* INGBaseProvider.h */ = {isa = PBXFileReference; fileEncoding = 4; lastKnownFileType = sourcecode.c.h; path = INGBaseProvider.h; sourceTree = "<group>"; };
		C88EF5071F24F294001C0131 /* INGBaseProvider.m */ = {isa = PBXFileReference; fileEncoding = 4; lastKnownFileType = sourcecode.c.objc; path = INGBaseProvider.m; sourceTree = "<group>"; };
		C88EF50A1F24F3B4001C0131 /* INGAccountsProvider.h */ = {isa = PBXFileReference; fileEncoding = 4; lastKnownFileType = sourcecode.c.h; path = INGAccountsProvider.h; sourceTree = "<group>"; };
		C88EF50B1F24F3B4001C0131 /* INGAccountsProvider.m */ = {isa = PBXFileReference; fileEncoding = 4; lastKnownFileType = sourcecode.c.objc; path = INGAccountsProvider.m; sourceTree = "<group>"; };
		C88EF50D1F24FB28001C0131 /* INGRequestManagerEndPoints.h */ = {isa = PBXFileReference; lastKnownFileType = sourcecode.c.h; path = INGRequestManagerEndPoints.h; sourceTree = "<group>"; };
		C88EF50F1F250065001C0131 /* INGAccountTableViewCell.swift */ = {isa = PBXFileReference; fileEncoding = 4; lastKnownFileType = sourcecode.swift; path = INGAccountTableViewCell.swift; sourceTree = "<group>"; };
		C88EF5101F250065001C0131 /* INGAccountTableViewCell.xib */ = {isa = PBXFileReference; fileEncoding = 4; lastKnownFileType = file.xib; path = INGAccountTableViewCell.xib; sourceTree = "<group>"; };
		C88EF5171F2528D7001C0131 /* AccountQuote.appex */ = {isa = PBXFileReference; explicitFileType = "wrapper.app-extension"; includeInIndex = 0; path = AccountQuote.appex; sourceTree = BUILT_PRODUCTS_DIR; };
		C88EF5191F2528D7001C0131 /* NotificationCenter.framework */ = {isa = PBXFileReference; lastKnownFileType = wrapper.framework; name = NotificationCenter.framework; path = System/Library/Frameworks/NotificationCenter.framework; sourceTree = SDKROOT; };
		C88EF51C1F2528D7001C0131 /* TodayViewController.swift */ = {isa = PBXFileReference; lastKnownFileType = sourcecode.swift; path = TodayViewController.swift; sourceTree = "<group>"; };
		C88EF51F1F2528D7001C0131 /* Base */ = {isa = PBXFileReference; lastKnownFileType = file.storyboard; name = Base; path = Base.lproj/MainInterface.storyboard; sourceTree = "<group>"; };
		C88EF5211F2528D7001C0131 /* Info.plist */ = {isa = PBXFileReference; lastKnownFileType = text.plist.xml; path = Info.plist; sourceTree = "<group>"; };
		C88EF55D1F253DEA001C0131 /* Accounts Test.entitlements */ = {isa = PBXFileReference; lastKnownFileType = text.plist.entitlements; path = "Accounts Test.entitlements"; sourceTree = "<group>"; };
		C88EF55E1F254007001C0131 /* AccountQuote.entitlements */ = {isa = PBXFileReference; lastKnownFileType = text.plist.entitlements; path = AccountQuote.entitlements; sourceTree = "<group>"; };
/* End PBXFileReference section */

/* Begin PBXFrameworksBuildPhase section */
		C88EF4991F24DFBD001C0131 /* Frameworks */ = {
			isa = PBXFrameworksBuildPhase;
			buildActionMask = 2147483647;
			files = (
			);
			runOnlyForDeploymentPostprocessing = 0;
		};
		C88EF4AD1F24DFBD001C0131 /* Frameworks */ = {
			isa = PBXFrameworksBuildPhase;
			buildActionMask = 2147483647;
			files = (
			);
			runOnlyForDeploymentPostprocessing = 0;
		};
		C88EF5141F2528D7001C0131 /* Frameworks */ = {
			isa = PBXFrameworksBuildPhase;
			buildActionMask = 2147483647;
			files = (
				C88EF51A1F2528D7001C0131 /* NotificationCenter.framework in Frameworks */,
			);
			runOnlyForDeploymentPostprocessing = 0;
		};
/* End PBXFrameworksBuildPhase section */

/* Begin PBXGroup section */
		C85E148A1F28FCE700D88D55 /* Extension */ = {
			isa = PBXGroup;
			children = (
				C85E148C1F28FD7E00D88D55 /* NSCoding+Accounts.swift */,
			);
			path = Extension;
			sourceTree = "<group>";
		};
		C85E148F1F290ED000D88D55 /* Cell */ = {
			isa = PBXGroup;
			children = (
				C85E14901F290EF500D88D55 /* INGAccountsTableViewCell.swift */,
			);
			path = Cell;
			sourceTree = "<group>";
		};
		C85E14941F29399F00D88D55 /* Resources */ = {
			isa = PBXGroup;
			children = (
				C85E149B1F293A5500D88D55 /* Localizable.strings */,
			);
			path = Resources;
			sourceTree = "<group>";
		};
		C88EF4931F24DFBD001C0131 = {
			isa = PBXGroup;
			children = (
				C88EF49E1F24DFBD001C0131 /* Accounts Test */,
				C88EF51B1F2528D7001C0131 /* AccountQuote */,
				C88EF4B31F24DFBD001C0131 /* Accounts TestTests */,
				C88EF5181F2528D7001C0131 /* Frameworks */,
				C88EF49D1F24DFBD001C0131 /* Products */,
			);
			sourceTree = "<group>";
		};
		C88EF49D1F24DFBD001C0131 /* Products */ = {
			isa = PBXGroup;
			children = (
				C88EF49C1F24DFBD001C0131 /* Accounts Test.app */,
				C88EF4B01F24DFBD001C0131 /* Accounts TestTests.xctest */,
				C88EF5171F2528D7001C0131 /* AccountQuote.appex */,
			);
			name = Products;
			sourceTree = "<group>";
		};
		C88EF49E1F24DFBD001C0131 /* Accounts Test */ = {
			isa = PBXGroup;
			children = (
				C88EF55D1F253DEA001C0131 /* Accounts Test.entitlements */,
				C88EF49F1F24DFBD001C0131 /* AppDelegate.swift */,
				C88EF4E61F24E17C001C0131 /* Accounts Test-Bridging-Header.h */,
				C88EF4E51F24E09B001C0131 /* Storyboards */,
				C88EF4E71F24E201001C0131 /* UI */,
				C88EF4FB1F24E64A001C0131 /* Model */,
				C88EF4FE1F24EB0A001C0131 /* Service */,
				C85E148A1F28FCE700D88D55 /* Extension */,
				C88EF4BF1F24E092001C0131 /* Tables */,
				C85E14941F29399F00D88D55 /* Resources */,
				C88EF4A61F24DFBD001C0131 /* Assets.xcassets */,
				C88EF5041F24EFEB001C0131 /* accounts.json */,
				C88EF4A81F24DFBD001C0131 /* LaunchScreen.storyboard */,
				C88EF4AB1F24DFBD001C0131 /* Info.plist */,
			);
			path = "Accounts Test";
			sourceTree = "<group>";
		};
		C88EF4B31F24DFBD001C0131 /* Accounts TestTests */ = {
			isa = PBXGroup;
			children = (
				C88EF4B41F24DFBD001C0131 /* Accounts_TestTests.swift */,
				C88EF4B61F24DFBD001C0131 /* Info.plist */,
			);
			path = "Accounts TestTests";
			sourceTree = "<group>";
		};
		C88EF4BF1F24E092001C0131 /* Tables */ = {
			isa = PBXGroup;
			children = (
				C88EF4C01F24E092001C0131 /* DVAArrayDataSourceForTableView.h */,
				C88EF4C11F24E092001C0131 /* DVAArrayDataSourceForTableView.m */,
				C88EF4C21F24E092001C0131 /* DVAProtocolDataSourceForTableView.h */,
				C88EF4C31F24E092001C0131 /* DVAProtocolDataSourceForTableView.m */,
				C88EF4C41F24E092001C0131 /* Protocols */,
				C88EF4D41F24E092001C0131 /* Subclasses */,
			);
			path = Tables;
			sourceTree = "<group>";
		};
		C88EF4C41F24E092001C0131 /* Protocols */ = {
			isa = PBXGroup;
			children = (
				C88EF4C51F24E092001C0131 /* Categories */,
				C88EF4D01F24E092001C0131 /* DVATableViewCellProtocol.h */,
				C88EF4D11F24E092001C0131 /* DVATableViewModelDatasource.h */,
				C88EF4D21F24E092001C0131 /* DVATableViewModelDatasourceDelegate.h */,
				C88EF4D31F24E092001C0131 /* DVATableViewModelProtocol.h */,
			);
			path = Protocols;
			sourceTree = "<group>";
		};
		C88EF4C51F24E092001C0131 /* Categories */ = {
			isa = PBXGroup;
			children = (
				C88EF4C61F24E092001C0131 /* NSArray+DVAPlistModelDatasource.h */,
				C88EF4C71F24E092001C0131 /* NSArray+DVAPlistModelDatasource.m */,
				C88EF4C81F24E092001C0131 /* NSArray+DVATableViewModelDatasource.h */,
				C88EF4C91F24E092001C0131 /* NSArray+DVATableViewModelDatasource.m */,
				C88EF4CA1F24E092001C0131 /* NSDictionary+DVAPlistModelDatasource.h */,
				C88EF4CB1F24E092001C0131 /* NSDictionary+DVAPlistModelDatasource.m */,
				C88EF4CC1F24E092001C0131 /* NSDictionary+DVATableViewModelDatasource.h */,
				C88EF4CD1F24E092001C0131 /* NSDictionary+DVATableViewModelDatasource.m */,
				C88EF4CE1F24E092001C0131 /* NSDictionary+DVATableViewModelProtocol.h */,
				C88EF4CF1F24E092001C0131 /* NSDictionary+DVATableViewModelProtocol.m */,
			);
			path = Categories;
			sourceTree = "<group>";
		};
		C88EF4D41F24E092001C0131 /* Subclasses */ = {
			isa = PBXGroup;
			children = (
				C88EF4D51F24E092001C0131 /* DVATableViewCellModel.h */,
				C88EF4D61F24E092001C0131 /* DVATableViewCellModel.m */,
				C88EF4D71F24E092001C0131 /* DVATableViewModel.h */,
				C88EF4D81F24E092001C0131 /* DVATableViewModel.m */,
				C88EF4D91F24E092001C0131 /* DVATableViewSectionModel.h */,
				C88EF4DA1F24E092001C0131 /* DVATableViewSectionModel.m */,
			);
			path = Subclasses;
			sourceTree = "<group>";
		};
		C88EF4E51F24E09B001C0131 /* Storyboards */ = {
			isa = PBXGroup;
			children = (
				C88EF4E81F24E226001C0131 /* Accounts.storyboard */,
			);
			path = Storyboards;
			sourceTree = "<group>";
		};
		C88EF4E71F24E201001C0131 /* UI */ = {
			isa = PBXGroup;
			children = (
				C88EF4ED1F24E2B9001C0131 /* Common */,
				C88EF4EA1F24E263001C0131 /* Accounts */,
			);
			path = UI;
			sourceTree = "<group>";
		};
		C88EF4EA1F24E263001C0131 /* Accounts */ = {
			isa = PBXGroup;
			children = (
				C88EF4EC1F24E27D001C0131 /* View */,
				C88EF4EB1F24E270001C0131 /* Controller */,
			);
			path = Accounts;
			sourceTree = "<group>";
		};
		C88EF4EB1F24E270001C0131 /* Controller */ = {
			isa = PBXGroup;
			children = (
				C88EF4F41F24E355001C0131 /* INGAccountsViewController.swift */,
			);
			path = Controller;
			sourceTree = "<group>";
		};
		C88EF4EC1F24E27D001C0131 /* View */ = {
			isa = PBXGroup;
			children = (
				C88EF50E1F25003C001C0131 /* Cell */,
				C88EF4F81F24E524001C0131 /* View Model */,
				C88EF4F61F24E36B001C0131 /* INGAccountsView.swift */,
			);
			path = View;
			sourceTree = "<group>";
		};
		C88EF4ED1F24E2B9001C0131 /* Common */ = {
			isa = PBXGroup;
			children = (
				C88EF4EE1F24E2B9001C0131 /* Base View */,
				C88EF4F01F24E2B9001C0131 /* Base View Controller */,
			);
			path = Common;
			sourceTree = "<group>";
		};
		C88EF4EE1F24E2B9001C0131 /* Base View */ = {
			isa = PBXGroup;
			children = (
				C88EF4EF1F24E2B9001C0131 /* INGBaseView.swift */,
			);
			path = "Base View";
			sourceTree = "<group>";
		};
		C88EF4F01F24E2B9001C0131 /* Base View Controller */ = {
			isa = PBXGroup;
			children = (
				C88EF4F11F24E2B9001C0131 /* INGBaseViewController.swift */,
			);
			path = "Base View Controller";
			sourceTree = "<group>";
		};
		C88EF4F81F24E524001C0131 /* View Model */ = {
			isa = PBXGroup;
			children = (
				C88EF4F91F24E54F001C0131 /* INGAccountsViewObject.swift */,
			);
			path = "View Model";
			sourceTree = "<group>";
		};
		C88EF4FB1F24E64A001C0131 /* Model */ = {
			isa = PBXGroup;
			children = (
				C88EF4FC1F24E65F001C0131 /* INGAccount.swift */,
			);
			path = Model;
			sourceTree = "<group>";
		};
		C88EF4FE1F24EB0A001C0131 /* Service */ = {
			isa = PBXGroup;
			children = (
				C88EF4FF1F24EB16001C0131 /* Provider */,
				C88EF5001F24EB25001C0131 /* Request */,
			);
			path = Service;
			sourceTree = "<group>";
		};
		C88EF4FF1F24EB16001C0131 /* Provider */ = {
			isa = PBXGroup;
			children = (
				C88EF5061F24F294001C0131 /* INGBaseProvider.h */,
				C88EF5071F24F294001C0131 /* INGBaseProvider.m */,
				C88EF5091F24F397001C0131 /* Accounts Provider */,
			);
			path = Provider;
			sourceTree = "<group>";
		};
		C88EF5001F24EB25001C0131 /* Request */ = {
			isa = PBXGroup;
			children = (
				C88EF50D1F24FB28001C0131 /* INGRequestManagerEndPoints.h */,
				C88EF5011F24EB64001C0131 /* INGRequestManager.h */,
				C88EF5021F24EB64001C0131 /* INGRequestManager.m */,
			);
			path = Request;
			sourceTree = "<group>";
		};
		C88EF5091F24F397001C0131 /* Accounts Provider */ = {
			isa = PBXGroup;
			children = (
				C88EF50A1F24F3B4001C0131 /* INGAccountsProvider.h */,
				C88EF50B1F24F3B4001C0131 /* INGAccountsProvider.m */,
			);
			path = "Accounts Provider";
			sourceTree = "<group>";
		};
		C88EF50E1F25003C001C0131 /* Cell */ = {
			isa = PBXGroup;
			children = (
				C88EF50F1F250065001C0131 /* INGAccountTableViewCell.swift */,
				C88EF5101F250065001C0131 /* INGAccountTableViewCell.xib */,
			);
			path = Cell;
			sourceTree = "<group>";
		};
		C88EF5181F2528D7001C0131 /* Frameworks */ = {
			isa = PBXGroup;
			children = (
				C88EF5191F2528D7001C0131 /* NotificationCenter.framework */,
			);
			name = Frameworks;
			sourceTree = "<group>";
		};
		C88EF51B1F2528D7001C0131 /* AccountQuote */ = {
			isa = PBXGroup;
			children = (
				C88EF55E1F254007001C0131 /* AccountQuote.entitlements */,
				C85E148F1F290ED000D88D55 /* Cell */,
				C88EF51C1F2528D7001C0131 /* TodayViewController.swift */,
				C88EF51E1F2528D7001C0131 /* MainInterface.storyboard */,
				C88EF5211F2528D7001C0131 /* Info.plist */,
			);
			path = AccountQuote;
			sourceTree = "<group>";
		};
/* End PBXGroup section */

/* Begin PBXNativeTarget section */
		C88EF49B1F24DFBD001C0131 /* Accounts Test */ = {
			isa = PBXNativeTarget;
			buildConfigurationList = C88EF4B91F24DFBD001C0131 /* Build configuration list for PBXNativeTarget "Accounts Test" */;
			buildPhases = (
				C88EF4981F24DFBD001C0131 /* Sources */,
				C88EF4991F24DFBD001C0131 /* Frameworks */,
				C88EF49A1F24DFBD001C0131 /* Resources */,
				C88EF5281F2528D7001C0131 /* Embed App Extensions */,
			);
			buildRules = (
			);
			dependencies = (
				C88EF5231F2528D7001C0131 /* PBXTargetDependency */,
			);
			name = "Accounts Test";
			productName = "Accounts Test";
			productReference = C88EF49C1F24DFBD001C0131 /* Accounts Test.app */;
			productType = "com.apple.product-type.application";
		};
		C88EF4AF1F24DFBD001C0131 /* Accounts TestTests */ = {
			isa = PBXNativeTarget;
			buildConfigurationList = C88EF4BC1F24DFBD001C0131 /* Build configuration list for PBXNativeTarget "Accounts TestTests" */;
			buildPhases = (
				C88EF4AC1F24DFBD001C0131 /* Sources */,
				C88EF4AD1F24DFBD001C0131 /* Frameworks */,
				C88EF4AE1F24DFBD001C0131 /* Resources */,
			);
			buildRules = (
			);
			dependencies = (
				C88EF4B21F24DFBD001C0131 /* PBXTargetDependency */,
			);
			name = "Accounts TestTests";
			productName = "Accounts TestTests";
			productReference = C88EF4B01F24DFBD001C0131 /* Accounts TestTests.xctest */;
			productType = "com.apple.product-type.bundle.unit-test";
		};
		C88EF5161F2528D7001C0131 /* AccountQuote */ = {
			isa = PBXNativeTarget;
			buildConfigurationList = C88EF5251F2528D7001C0131 /* Build configuration list for PBXNativeTarget "AccountQuote" */;
			buildPhases = (
				C88EF5131F2528D7001C0131 /* Sources */,
				C88EF5141F2528D7001C0131 /* Frameworks */,
				C88EF5151F2528D7001C0131 /* Resources */,
			);
			buildRules = (
			);
			dependencies = (
			);
			name = AccountQuote;
			productName = AccountQuote;
			productReference = C88EF5171F2528D7001C0131 /* AccountQuote.appex */;
			productType = "com.apple.product-type.app-extension";
		};
/* End PBXNativeTarget section */

/* Begin PBXProject section */
		C88EF4941F24DFBD001C0131 /* Project object */ = {
			isa = PBXProject;
			attributes = {
				CLASSPREFIX = ING;
				LastSwiftUpdateCheck = 0830;
				LastUpgradeCheck = 0830;
				ORGANIZATIONNAME = ING;
				TargetAttributes = {
					C88EF49B1F24DFBD001C0131 = {
						CreatedOnToolsVersion = 8.3.3;
						DevelopmentTeam = KJ3JXR2S96;
						ProvisioningStyle = Automatic;
						SystemCapabilities = {
							com.apple.ApplicationGroups.iOS = {
								enabled = 1;
							};
						};
					};
					C88EF4AF1F24DFBD001C0131 = {
						CreatedOnToolsVersion = 8.3.3;
						ProvisioningStyle = Automatic;
						TestTargetID = C88EF49B1F24DFBD001C0131;
					};
					C88EF5161F2528D7001C0131 = {
						CreatedOnToolsVersion = 8.3.3;
						DevelopmentTeam = KJ3JXR2S96;
						ProvisioningStyle = Automatic;
						SystemCapabilities = {
							com.apple.ApplicationGroups.iOS = {
								enabled = 1;
							};
						};
					};
				};
			};
			buildConfigurationList = C88EF4971F24DFBD001C0131 /* Build configuration list for PBXProject "Accounts Test" */;
			compatibilityVersion = "Xcode 3.2";
			developmentRegion = English;
			hasScannedForEncodings = 0;
			knownRegions = (
				en,
				Base,
				es,
			);
			mainGroup = C88EF4931F24DFBD001C0131;
			productRefGroup = C88EF49D1F24DFBD001C0131 /* Products */;
			projectDirPath = "";
			projectRoot = "";
			targets = (
				C88EF49B1F24DFBD001C0131 /* Accounts Test */,
				C88EF4AF1F24DFBD001C0131 /* Accounts TestTests */,
				C88EF5161F2528D7001C0131 /* AccountQuote */,
			);
		};
/* End PBXProject section */

/* Begin PBXResourcesBuildPhase section */
		C88EF49A1F24DFBD001C0131 /* Resources */ = {
			isa = PBXResourcesBuildPhase;
			buildActionMask = 2147483647;
			files = (
				C88EF4AA1F24DFBD001C0131 /* LaunchScreen.storyboard in Resources */,
				C85E14991F293A5500D88D55 /* Localizable.strings in Resources */,
				C88EF5051F24EFEB001C0131 /* accounts.json in Resources */,
				C88EF4A71F24DFBD001C0131 /* Assets.xcassets in Resources */,
				C88EF5121F250065001C0131 /* INGAccountTableViewCell.xib in Resources */,
				C88EF4E91F24E226001C0131 /* Accounts.storyboard in Resources */,
			);
			runOnlyForDeploymentPostprocessing = 0;
		};
		C88EF4AE1F24DFBD001C0131 /* Resources */ = {
			isa = PBXResourcesBuildPhase;
			buildActionMask = 2147483647;
			files = (
			);
			runOnlyForDeploymentPostprocessing = 0;
		};
		C88EF5151F2528D7001C0131 /* Resources */ = {
			isa = PBXResourcesBuildPhase;
			buildActionMask = 2147483647;
			files = (
				C88EF5371F252E42001C0131 /* INGAccountTableViewCell.xib in Resources */,
				C85E149D1F293CD700D88D55 /* Localizable.strings in Resources */,
				C88EF5201F2528D7001C0131 /* MainInterface.storyboard in Resources */,
			);
			runOnlyForDeploymentPostprocessing = 0;
		};
/* End PBXResourcesBuildPhase section */

/* Begin PBXSourcesBuildPhase section */
		C88EF4981F24DFBD001C0131 /* Sources */ = {
			isa = PBXSourcesBuildPhase;
			buildActionMask = 2147483647;
			files = (
				C85E148D1F28FD7E00D88D55 /* NSCoding+Accounts.swift in Sources */,
				C88EF4DB1F24E092001C0131 /* DVAArrayDataSourceForTableView.m in Sources */,
				C88EF4FD1F24E65F001C0131 /* INGAccount.swift in Sources */,
				C88EF4F21F24E2B9001C0131 /* INGBaseView.swift in Sources */,
				C88EF4DC1F24E092001C0131 /* DVAProtocolDataSourceForTableView.m in Sources */,
				C88EF4E41F24E092001C0131 /* DVATableViewSectionModel.m in Sources */,
				C88EF4DF1F24E092001C0131 /* NSDictionary+DVAPlistModelDatasource.m in Sources */,
				C88EF5111F250065001C0131 /* INGAccountTableViewCell.swift in Sources */,
				C88EF4F31F24E2B9001C0131 /* INGBaseViewController.swift in Sources */,
				C88EF4FA1F24E54F001C0131 /* INGAccountsViewObject.swift in Sources */,
				C88EF4DE1F24E092001C0131 /* NSArray+DVATableViewModelDatasource.m in Sources */,
				C88EF4F51F24E355001C0131 /* INGAccountsViewController.swift in Sources */,
				C88EF5031F24EB64001C0131 /* INGRequestManager.m in Sources */,
				C88EF4DD1F24E092001C0131 /* NSArray+DVAPlistModelDatasource.m in Sources */,
				C88EF4E31F24E092001C0131 /* DVATableViewModel.m in Sources */,
				C88EF4E21F24E092001C0131 /* DVATableViewCellModel.m in Sources */,
				C88EF4E01F24E092001C0131 /* NSDictionary+DVATableViewModelDatasource.m in Sources */,
				C88EF5081F24F294001C0131 /* INGBaseProvider.m in Sources */,
				C88EF4E11F24E092001C0131 /* NSDictionary+DVATableViewModelProtocol.m in Sources */,
				C88EF50C1F24F3B4001C0131 /* INGAccountsProvider.m in Sources */,
				C88EF4A01F24DFBD001C0131 /* AppDelegate.swift in Sources */,
				C88EF4F71F24E36B001C0131 /* INGAccountsView.swift in Sources */,
			);
			runOnlyForDeploymentPostprocessing = 0;
		};
		C88EF4AC1F24DFBD001C0131 /* Sources */ = {
			isa = PBXSourcesBuildPhase;
			buildActionMask = 2147483647;
			files = (
				C88EF4B51F24DFBD001C0131 /* Accounts_TestTests.swift in Sources */,
			);
			runOnlyForDeploymentPostprocessing = 0;
		};
		C88EF5131F2528D7001C0131 /* Sources */ = {
			isa = PBXSourcesBuildPhase;
			buildActionMask = 2147483647;
			files = (
				C88EF55B1F253890001C0131 /* INGBaseProvider.m in Sources */,
				C88EF55C1F25389B001C0131 /* INGRequestManager.m in Sources */,
				C85E14921F290EF500D88D55 /* INGAccountsTableViewCell.swift in Sources */,
				C88EF53B1F253195001C0131 /* DVAArrayDataSourceForTableView.m in Sources */,
				C88EF5381F252F71001C0131 /* INGAccountsViewObject.swift in Sources */,
				C85E148E1F28FECB00D88D55 /* NSCoding+Accounts.swift in Sources */,
				C88EF55A1F253668001C0131 /* INGAccountsProvider.m in Sources */,
				C88EF53A1F253191001C0131 /* DVAProtocolDataSourceForTableView.m in Sources */,
				C88EF5341F252E29001C0131 /* INGAccount.swift in Sources */,
				C88EF51D1F2528D7001C0131 /* TodayViewController.swift in Sources */,
				C88EF5361F252E3A001C0131 /* INGAccountTableViewCell.swift in Sources */,
			);
			runOnlyForDeploymentPostprocessing = 0;
		};
/* End PBXSourcesBuildPhase section */

/* Begin PBXTargetDependency section */
		C88EF4B21F24DFBD001C0131 /* PBXTargetDependency */ = {
			isa = PBXTargetDependency;
			target = C88EF49B1F24DFBD001C0131 /* Accounts Test */;
			targetProxy = C88EF4B11F24DFBD001C0131 /* PBXContainerItemProxy */;
		};
		C88EF5231F2528D7001C0131 /* PBXTargetDependency */ = {
			isa = PBXTargetDependency;
			target = C88EF5161F2528D7001C0131 /* AccountQuote */;
			targetProxy = C88EF5221F2528D7001C0131 /* PBXContainerItemProxy */;
		};
/* End PBXTargetDependency section */

/* Begin PBXVariantGroup section */
		C85E149B1F293A5500D88D55 /* Localizable.strings */ = {
			isa = PBXVariantGroup;
			children = (
				C85E149A1F293A5500D88D55 /* en */,
				C85E149C1F293A5A00D88D55 /* es */,
			);
			name = Localizable.strings;
			sourceTree = "<group>";
		};
		C88EF4A81F24DFBD001C0131 /* LaunchScreen.storyboard */ = {
			isa = PBXVariantGroup;
			children = (
				C88EF4A91F24DFBD001C0131 /* Base */,
				C85E14971F293A3E00D88D55 /* es */,
			);
			name = LaunchScreen.storyboard;
			sourceTree = "<group>";
		};
		C88EF51E1F2528D7001C0131 /* MainInterface.storyboard */ = {
			isa = PBXVariantGroup;
			children = (
				C88EF51F1F2528D7001C0131 /* Base */,
				C85E14981F293A3E00D88D55 /* es */,
			);
			name = MainInterface.storyboard;
			sourceTree = "<group>";
		};
/* End PBXVariantGroup section */

/* Begin XCBuildConfiguration section */
		C88EF4B71F24DFBD001C0131 /* Debug */ = {
			isa = XCBuildConfiguration;
			buildSettings = {
				ALWAYS_SEARCH_USER_PATHS = NO;
				CLANG_ANALYZER_LOCALIZABILITY_NONLOCALIZED = YES;
				CLANG_ANALYZER_NONNULL = YES;
				CLANG_ANALYZER_NUMBER_OBJECT_CONVERSION = YES_AGGRESSIVE;
				CLANG_CXX_LANGUAGE_STANDARD = "gnu++0x";
				CLANG_CXX_LIBRARY = "libc++";
				CLANG_ENABLE_MODULES = YES;
				CLANG_ENABLE_OBJC_ARC = YES;
				CLANG_WARN_BOOL_CONVERSION = YES;
				CLANG_WARN_CONSTANT_CONVERSION = YES;
				CLANG_WARN_DIRECT_OBJC_ISA_USAGE = YES_ERROR;
				CLANG_WARN_DOCUMENTATION_COMMENTS = YES;
				CLANG_WARN_EMPTY_BODY = YES;
				CLANG_WARN_ENUM_CONVERSION = YES;
				CLANG_WARN_INFINITE_RECURSION = YES;
				CLANG_WARN_INT_CONVERSION = YES;
				CLANG_WARN_OBJC_ROOT_CLASS = YES_ERROR;
				CLANG_WARN_SUSPICIOUS_MOVE = YES;
				CLANG_WARN_UNREACHABLE_CODE = YES;
				CLANG_WARN__DUPLICATE_METHOD_MATCH = YES;
				"CODE_SIGN_IDENTITY[sdk=iphoneos*]" = "iPhone Developer";
				COPY_PHASE_STRIP = NO;
				DEBUG_INFORMATION_FORMAT = dwarf;
				ENABLE_STRICT_OBJC_MSGSEND = YES;
				ENABLE_TESTABILITY = YES;
				GCC_C_LANGUAGE_STANDARD = gnu99;
				GCC_DYNAMIC_NO_PIC = NO;
				GCC_NO_COMMON_BLOCKS = YES;
				GCC_OPTIMIZATION_LEVEL = 0;
				GCC_PREPROCESSOR_DEFINITIONS = (
					"DEBUG=1",
					"$(inherited)",
				);
				GCC_WARN_64_TO_32_BIT_CONVERSION = YES;
				GCC_WARN_ABOUT_RETURN_TYPE = YES_ERROR;
				GCC_WARN_UNDECLARED_SELECTOR = YES;
				GCC_WARN_UNINITIALIZED_AUTOS = YES_AGGRESSIVE;
				GCC_WARN_UNUSED_FUNCTION = YES;
				GCC_WARN_UNUSED_VARIABLE = YES;
				IPHONEOS_DEPLOYMENT_TARGET = 10.3;
				MTL_ENABLE_DEBUG_INFO = YES;
				ONLY_ACTIVE_ARCH = YES;
				SDKROOT = iphoneos;
				SWIFT_ACTIVE_COMPILATION_CONDITIONS = DEBUG;
				SWIFT_OPTIMIZATION_LEVEL = "-Onone";
			};
			name = Debug;
		};
		C88EF4B81F24DFBD001C0131 /* Release */ = {
			isa = XCBuildConfiguration;
			buildSettings = {
				ALWAYS_SEARCH_USER_PATHS = NO;
				CLANG_ANALYZER_LOCALIZABILITY_NONLOCALIZED = YES;
				CLANG_ANALYZER_NONNULL = YES;
				CLANG_ANALYZER_NUMBER_OBJECT_CONVERSION = YES_AGGRESSIVE;
				CLANG_CXX_LANGUAGE_STANDARD = "gnu++0x";
				CLANG_CXX_LIBRARY = "libc++";
				CLANG_ENABLE_MODULES = YES;
				CLANG_ENABLE_OBJC_ARC = YES;
				CLANG_WARN_BOOL_CONVERSION = YES;
				CLANG_WARN_CONSTANT_CONVERSION = YES;
				CLANG_WARN_DIRECT_OBJC_ISA_USAGE = YES_ERROR;
				CLANG_WARN_DOCUMENTATION_COMMENTS = YES;
				CLANG_WARN_EMPTY_BODY = YES;
				CLANG_WARN_ENUM_CONVERSION = YES;
				CLANG_WARN_INFINITE_RECURSION = YES;
				CLANG_WARN_INT_CONVERSION = YES;
				CLANG_WARN_OBJC_ROOT_CLASS = YES_ERROR;
				CLANG_WARN_SUSPICIOUS_MOVE = YES;
				CLANG_WARN_UNREACHABLE_CODE = YES;
				CLANG_WARN__DUPLICATE_METHOD_MATCH = YES;
				"CODE_SIGN_IDENTITY[sdk=iphoneos*]" = "iPhone Developer";
				COPY_PHASE_STRIP = NO;
				DEBUG_INFORMATION_FORMAT = "dwarf-with-dsym";
				ENABLE_NS_ASSERTIONS = NO;
				ENABLE_STRICT_OBJC_MSGSEND = YES;
				GCC_C_LANGUAGE_STANDARD = gnu99;
				GCC_NO_COMMON_BLOCKS = YES;
				GCC_PREPROCESSOR_DEFINITIONS = "";
				GCC_WARN_64_TO_32_BIT_CONVERSION = YES;
				GCC_WARN_ABOUT_RETURN_TYPE = YES_ERROR;
				GCC_WARN_UNDECLARED_SELECTOR = YES;
				GCC_WARN_UNINITIALIZED_AUTOS = YES_AGGRESSIVE;
				GCC_WARN_UNUSED_FUNCTION = YES;
				GCC_WARN_UNUSED_VARIABLE = YES;
				IPHONEOS_DEPLOYMENT_TARGET = 10.3;
				MTL_ENABLE_DEBUG_INFO = NO;
				SDKROOT = iphoneos;
				SWIFT_OPTIMIZATION_LEVEL = "-Owholemodule";
				VALIDATE_PRODUCT = YES;
			};
			name = Release;
		};
		C88EF4BA1F24DFBD001C0131 /* Debug */ = {
			isa = XCBuildConfiguration;
			buildSettings = {
				ALWAYS_EMBED_SWIFT_STANDARD_LIBRARIES = YES;
				ASSETCATALOG_COMPILER_APPICON_NAME = AppIcon;
				CODE_SIGN_ENTITLEMENTS = "Accounts Test/Accounts Test.entitlements";
				"CODE_SIGN_IDENTITY[sdk=iphoneos*]" = "iPhone Developer";
				DEVELOPMENT_TEAM = KJ3JXR2S96;
				GCC_PREPROCESSOR_DEFINITIONS = (
					"DEBUG=1",
					"$(inherited)",
					"ACCOUNTS_TARGET=1",
				);
				INFOPLIST_FILE = "Accounts Test/Info.plist";
				LD_RUNPATH_SEARCH_PATHS = "$(inherited) @executable_path/Frameworks";
				PRODUCT_BUNDLE_IDENTIFIER = "co.ing.Accounts-Test";
				PRODUCT_NAME = "$(TARGET_NAME)";
				PROVISIONING_PROFILE_SPECIFIER = "";
				SWIFT_OBJC_BRIDGING_HEADER = "Accounts Test/Accounts Test-Bridging-Header.h";
				SWIFT_VERSION = 3.0;
			};
			name = Debug;
		};
		C88EF4BB1F24DFBD001C0131 /* Release */ = {
			isa = XCBuildConfiguration;
			buildSettings = {
				ALWAYS_EMBED_SWIFT_STANDARD_LIBRARIES = YES;
				ASSETCATALOG_COMPILER_APPICON_NAME = AppIcon;
				CODE_SIGN_ENTITLEMENTS = "Accounts Test/Accounts Test.entitlements";
				"CODE_SIGN_IDENTITY[sdk=iphoneos*]" = "iPhone Developer";
				DEVELOPMENT_TEAM = KJ3JXR2S96;
				GCC_PREPROCESSOR_DEFINITIONS = "ACCOUNTS_TARGET=1";
				INFOPLIST_FILE = "Accounts Test/Info.plist";
				LD_RUNPATH_SEARCH_PATHS = "$(inherited) @executable_path/Frameworks";
				PRODUCT_BUNDLE_IDENTIFIER = "co.ing.Accounts-Test";
				PRODUCT_NAME = "$(TARGET_NAME)";
				PROVISIONING_PROFILE_SPECIFIER = "";
				SWIFT_OBJC_BRIDGING_HEADER = "Accounts Test/Accounts Test-Bridging-Header.h";
				SWIFT_VERSION = 3.0;
			};
			name = Release;
		};
		C88EF4BD1F24DFBD001C0131 /* Debug */ = {
			isa = XCBuildConfiguration;
			buildSettings = {
				ALWAYS_EMBED_SWIFT_STANDARD_LIBRARIES = YES;
				BUNDLE_LOADER = "$(TEST_HOST)";
				INFOPLIST_FILE = "Accounts TestTests/Info.plist";
				LD_RUNPATH_SEARCH_PATHS = "$(inherited) @executable_path/Frameworks @loader_path/Frameworks";
				PRODUCT_BUNDLE_IDENTIFIER = "co.ing.Accounts-TestTests";
				PRODUCT_NAME = "$(TARGET_NAME)";
				SWIFT_VERSION = 3.0;
				TEST_HOST = "$(BUILT_PRODUCTS_DIR)/Accounts Test.app/Accounts Test";
			};
			name = Debug;
		};
		C88EF4BE1F24DFBD001C0131 /* Release */ = {
			isa = XCBuildConfiguration;
			buildSettings = {
				ALWAYS_EMBED_SWIFT_STANDARD_LIBRARIES = YES;
				BUNDLE_LOADER = "$(TEST_HOST)";
				INFOPLIST_FILE = "Accounts TestTests/Info.plist";
				LD_RUNPATH_SEARCH_PATHS = "$(inherited) @executable_path/Frameworks @loader_path/Frameworks";
				PRODUCT_BUNDLE_IDENTIFIER = "co.ing.Accounts-TestTests";
				PRODUCT_NAME = "$(TARGET_NAME)";
				SWIFT_VERSION = 3.0;
				TEST_HOST = "$(BUILT_PRODUCTS_DIR)/Accounts Test.app/Accounts Test";
			};
			name = Release;
		};
		C88EF5261F2528D7001C0131 /* Debug */ = {
			isa = XCBuildConfiguration;
			buildSettings = {
				CODE_SIGN_ENTITLEMENTS = AccountQuote/AccountQuote.entitlements;
				DEVELOPMENT_TEAM = KJ3JXR2S96;
				GCC_PREPROCESSOR_DEFINITIONS = (
					"DEBUG=1",
					"QUOTE_TARGET=1",
					"$(inherited)",
				);
				INFOPLIST_FILE = AccountQuote/Info.plist;
				LD_RUNPATH_SEARCH_PATHS = "$(inherited) @executable_path/Frameworks @executable_path/../../Frameworks";
				PRODUCT_BUNDLE_IDENTIFIER = "co.ing.Accounts-Test.AccountQuote";
				PRODUCT_NAME = "$(TARGET_NAME)";
				SKIP_INSTALL = YES;
				SWIFT_OBJC_BRIDGING_HEADER = "Accounts Test/Accounts Test-Bridging-Header.h";
				SWIFT_VERSION = 3.0;
			};
			name = Debug;
		};
		C88EF5271F2528D7001C0131 /* Release */ = {
			isa = XCBuildConfiguration;
			buildSettings = {
				CODE_SIGN_ENTITLEMENTS = AccountQuote/AccountQuote.entitlements;
				DEVELOPMENT_TEAM = KJ3JXR2S96;
				GCC_PREPROCESSOR_DEFINITIONS = "QUOTE_TARGET=1";
				INFOPLIST_FILE = AccountQuote/Info.plist;
				LD_RUNPATH_SEARCH_PATHS = "$(inherited) @executable_path/Frameworks @executable_path/../../Frameworks";
				PRODUCT_BUNDLE_IDENTIFIER = "co.ing.Accounts-Test.AccountQuote";
				PRODUCT_NAME = "$(TARGET_NAME)";
				SKIP_INSTALL = YES;
				SWIFT_OBJC_BRIDGING_HEADER = "Accounts Test/Accounts Test-Bridging-Header.h";
				SWIFT_VERSION = 3.0;
			};
			name = Release;
		};
/* End XCBuildConfiguration section */

/* Begin XCConfigurationList section */
		C88EF4971F24DFBD001C0131 /* Build configuration list for PBXProject "Accounts Test" */ = {
			isa = XCConfigurationList;
			buildConfigurations = (
				C88EF4B71F24DFBD001C0131 /* Debug */,
				C88EF4B81F24DFBD001C0131 /* Release */,
			);
			defaultConfigurationIsVisible = 0;
			defaultConfigurationName = Release;
		};
		C88EF4B91F24DFBD001C0131 /* Build configuration list for PBXNativeTarget "Accounts Test" */ = {
			isa = XCConfigurationList;
			buildConfigurations = (
				C88EF4BA1F24DFBD001C0131 /* Debug */,
				C88EF4BB1F24DFBD001C0131 /* Release */,
			);
			defaultConfigurationIsVisible = 0;
			defaultConfigurationName = Release;
		};
		C88EF4BC1F24DFBD001C0131 /* Build configuration list for PBXNativeTarget "Accounts TestTests" */ = {
			isa = XCConfigurationList;
			buildConfigurations = (
				C88EF4BD1F24DFBD001C0131 /* Debug */,
				C88EF4BE1F24DFBD001C0131 /* Release */,
			);
			defaultConfigurationIsVisible = 0;
			defaultConfigurationName = Release;
		};
		C88EF5251F2528D7001C0131 /* Build configuration list for PBXNativeTarget "AccountQuote" */ = {
			isa = XCConfigurationList;
			buildConfigurations = (
				C88EF5261F2528D7001C0131 /* Debug */,
				C88EF5271F2528D7001C0131 /* Release */,
			);
			defaultConfigurationIsVisible = 0;
			defaultConfigurationName = Release;
		};
/* End XCConfigurationList section */
	};
	rootObject = C88EF4941F24DFBD001C0131 /* Project object */;
}
